
Microsoft Visual Studio Solution File, Format Version 12.00
# Visual Studio Version 17
VisualStudioVersion = 17.6.33801.468
MinimumVisualStudioVersion = 10.0.40219.1
Project("{FAE04EC0-301F-11D3-BF4B-00C04F79EFBC}") = "Award Winning Movies", "Award Winning Movies.csproj", "{9C18FFF6-FD88-48E2-B29D-999F6536EE76}"
EndProject
Global
	GlobalSection(SolutionConfigurationPlatforms) = preSolution
		Debug|Any CPU = Debug|Any CPU
		Release|Any CPU = Release|Any CPU
	EndGlobalSection
	GlobalSection(ProjectConfigurationPlatforms) = postSolution
		{9C18FFF6-FD88-48E2-B29D-999F6536EE76}.Debug|Any CPU.ActiveCfg = Debug|Any CPU
		{9C18FFF6-FD88-48E2-B29D-999F6536EE76}.Debug|Any CPU.Build.0 = Debug|Any CPU
		{9C18FFF6-FD88-48E2-B29D-999F6536EE76}.Release|Any CPU.ActiveCfg = Release|Any CPU
		{9C18FFF6-FD88-48E2-B29D-999F6536EE76}.Release|Any CPU.Build.0 = Release|Any CPU
	EndGlobalSection
	GlobalSection(SolutionProperties) = preSolution
		HideSolutionNode = FALSE
	EndGlobalSection
	GlobalSection(ExtensibilityGlobals) = postSolution
		SolutionGuid = {E804D7E5-CC7C-4727-8B97-AE9D2F46121D}
	EndGlobalSection
EndGlobal
